{
  "requires": true,
  "lockfileVersion": 1,
  "dependencies": {
    "foundation-sites": {
      "version": "6.5.3",
      "resolved": "https://registry.npmjs.org/foundation-sites/-/foundation-sites-6.5.3.tgz",
      "integrity": "sha512-ZwI0idjHHjezh6jRjpPxkczvmtUuJ1uGatZHpyloX0MvsFHfM0BFoxrqdXryXugGPdmb+yJi3JYMnz6+5t3K1A=="
    }
  }
}
